
Microsoft Visual Studio Solution File, Format Version 12.00
# Visual Studio 15
VisualStudioVersion = 15.0.28307.1145
MinimumVisualStudioVersion = 10.0.40219.1
Project("{FAE04EC0-301F-11D3-BF4B-00C04F79EFBC}") = "TestWeb", "TestWeb\TestWeb.csproj", "{392208EE-3D2A-4D45-930C-330AC63B629E}"
EndProject
Global
	GlobalSection(SolutionConfigurationPlatforms) = preSolution
		Debug|Any CPU = Debug|Any CPU
		Release|Any CPU = Release|Any CPU
	EndGlobalSection
	GlobalSection(ProjectConfigurationPlatforms) = postSolution
		{392208EE-3D2A-4D45-930C-330AC63B629E}.Debug|Any CPU.ActiveCfg = Debug|Any CPU
		{392208EE-3D2A-4D45-930C-330AC63B629E}.Debug|Any CPU.Build.0 = Debug|Any CPU
		{392208EE-3D2A-4D45-930C-330AC63B629E}.Release|Any CPU.ActiveCfg = Release|Any CPU
		{392208EE-3D2A-4D45-930C-330AC63B629E}.Release|Any CPU.Build.0 = Release|Any CPU
	EndGlobalSection
	GlobalSection(SolutionProperties) = preSolution
		HideSolutionNode = FALSE
	EndGlobalSection
	GlobalSection(ExtensibilityGlobals) = postSolution
		SolutionGuid = {11555DAA-DCC8-4740-B29D-4DE5C7CB63F2}
	EndGlobalSection
EndGlobal
